
Microsoft Visual Studio Solution File, Format Version 12.00
# Visual Studio Version 17
VisualStudioVersion = 17.11.35208.52
MinimumVisualStudioVersion = 10.0.40219.1
Project("{9A19103F-16F7-4668-BE54-9A1E7A4F7556}") = "Mexcametl", "Mexcametl\Mexcametl.csproj", "{AD743E46-9772-45DB-A47B-C6D78398F042}"
EndProject
Global
	GlobalSection(SolutionConfigurationPlatforms) = preSolution
		Debug|Any CPU = Debug|Any CPU
		Release|Any CPU = Release|Any CPU
	EndGlobalSection
	GlobalSection(ProjectConfigurationPlatforms) = postSolution
		{AD743E46-9772-45DB-A47B-C6D78398F042}.Debug|Any CPU.ActiveCfg = Debug|Any CPU
		{AD743E46-9772-45DB-A47B-C6D78398F042}.Debug|Any CPU.Build.0 = Debug|Any CPU
		{AD743E46-9772-45DB-A47B-C6D78398F042}.Release|Any CPU.ActiveCfg = Release|Any CPU
		{AD743E46-9772-45DB-A47B-C6D78398F042}.Release|Any CPU.Build.0 = Release|Any CPU
	EndGlobalSection
	GlobalSection(SolutionProperties) = preSolution
		HideSolutionNode = FALSE
	EndGlobalSection
	GlobalSection(ExtensibilityGlobals) = postSolution
		SolutionGuid = {C0C3FA34-FEA2-4410-8C58-C9E6A7AF2262}
	EndGlobalSection
EndGlobal
